
Microsoft Visual Studio Solution File, Format Version 12.00
# Visual Studio Version 17
VisualStudioVersion = 17.10.35027.167
MinimumVisualStudioVersion = 10.0.40219.1
Project("{FAE04EC0-301F-11D3-BF4B-00C04F79EFBC}") = "ElektronikusEllenőrzőProjekt", "ElektronikusEllenőrzőProjekt.csproj", "{F42DE6FD-661D-487A-88A7-D797B2305123}"
EndProject
Global
	GlobalSection(SolutionConfigurationPlatforms) = preSolution
		Debug|Any CPU = Debug|Any CPU
		Release|Any CPU = Release|Any CPU
	EndGlobalSection
	GlobalSection(ProjectConfigurationPlatforms) = postSolution
		{F42DE6FD-661D-487A-88A7-D797B2305123}.Debug|Any CPU.ActiveCfg = Debug|Any CPU
		{F42DE6FD-661D-487A-88A7-D797B2305123}.Debug|Any CPU.Build.0 = Debug|Any CPU
		{F42DE6FD-661D-487A-88A7-D797B2305123}.Release|Any CPU.ActiveCfg = Release|Any CPU
		{F42DE6FD-661D-487A-88A7-D797B2305123}.Release|Any CPU.Build.0 = Release|Any CPU
	EndGlobalSection
	GlobalSection(SolutionProperties) = preSolution
		HideSolutionNode = FALSE
	EndGlobalSection
	GlobalSection(ExtensibilityGlobals) = postSolution
		SolutionGuid = {3A829150-6A9C-4879-807A-234CDB489405}
	EndGlobalSection
EndGlobal
